// !$*UTF8*$!
{
	archiveVersion = 1;
	classes = {
	};
	objectVersion = 56;
	objects = {

/* Begin PBXBuildFile section */
		EB1814392AD60B2600C2FADD /* AppDelegate.swift in Sources */ = {isa = PBXBuildFile; fileRef = EB1814382AD60B2600C2FADD /* AppDelegate.swift */; };
		EB18143B2AD60B2600C2FADD /* SceneDelegate.swift in Sources */ = {isa = PBXBuildFile; fileRef = EB18143A2AD60B2600C2FADD /* SceneDelegate.swift */; };
		EB18143D2AD60B2600C2FADD /* ViewController.swift in Sources */ = {isa = PBXBuildFile; fileRef = EB18143C2AD60B2600C2FADD /* ViewController.swift */; };
		EB1814402AD60B2600C2FADD /* Main.storyboard in Resources */ = {isa = PBXBuildFile; fileRef = EB18143E2AD60B2600C2FADD /* Main.storyboard */; };
		EB1814422AD60B2700C2FADD /* Assets.xcassets in Resources */ = {isa = PBXBuildFile; fileRef = EB1814412AD60B2700C2FADD /* Assets.xcassets */; };
		EB1814452AD60B2700C2FADD /* LaunchScreen.storyboard in Resources */ = {isa = PBXBuildFile; fileRef = EB1814432AD60B2700C2FADD /* LaunchScreen.storyboard */; };
		EB1814502AD60B2700C2FADD /* HackwichSixTests.swift in Sources */ = {isa = PBXBuildFile; fileRef = EB18144F2AD60B2700C2FADD /* HackwichSixTests.swift */; };
		EB18145A2AD60B2700C2FADD /* HackwichSixUITests.swift in Sources */ = {isa = PBXBuildFile; fileRef = EB1814592AD60B2700C2FADD /* HackwichSixUITests.swift */; };
		EB18145C2AD60B2700C2FADD /* HackwichSixUITestsLaunchTests.swift in Sources */ = {isa = PBXBuildFile; fileRef = EB18145B2AD60B2700C2FADD /* HackwichSixUITestsLaunchTests.swift */; };
/* End PBXBuildFile section */

/* Begin PBXContainerItemProxy section */
		EB18144C2AD60B2700C2FADD /* PBXContainerItemProxy */ = {
			isa = PBXContainerItemProxy;
			containerPortal = EB18142D2AD60B2600C2FADD /* Project object */;
			proxyType = 1;
			remoteGlobalIDString = EB1814342AD60B2600C2FADD;
			remoteInfo = HackwichSix;
		};
		EB1814562AD60B2700C2FADD /* PBXContainerItemProxy */ = {
			isa = PBXContainerItemProxy;
			containerPortal = EB18142D2AD60B2600C2FADD /* Project object */;
			proxyType = 1;
			remoteGlobalIDString = EB1814342AD60B2600C2FADD;
			remoteInfo = HackwichSix;
		};
/* End PBXContainerItemProxy section */

/* Begin PBXFileReference section */
		EB1814352AD60B2600C2FADD /* HackwichSix.app */ = {isa = PBXFileReference; explicitFileType = wrapper.application; includeInIndex = 0; path = HackwichSix.app; sourceTree = BUILT_PRODUCTS_DIR; };
		EB1814382AD60B2600C2FADD /* AppDelegate.swift */ = {isa = PBXFileReference; lastKnownFileType = sourcecode.swift; path = AppDelegate.swift; sourceTree = "<group>"; };
		EB18143A2AD60B2600C2FADD /* SceneDelegate.swift */ = {isa = PBXFileReference; lastKnownFileType = sourcecode.swift; path = SceneDelegate.swift; sourceTree = "<group>"; };
		EB18143C2AD60B2600C2FADD /* ViewController.swift */ = {isa = PBXFileReference; lastKnownFileType = sourcecode.swift; path = ViewController.swift; sourceTree = "<group>"; };
		EB18143F2AD60B2600C2FADD /* Base */ = {isa = PBXFileReference; lastKnownFileType = file.storyboard; name = Base; path = Base.lproj/Main.storyboard; sourceTree = "<group>"; };
		EB1814412AD60B2700C2FADD /* Assets.xcassets */ = {isa = PBXFileReference; lastKnownFileType = folder.assetcatalog; path = Assets.xcassets; sourceTree = "<group>"; };
		EB1814442AD60B2700C2FADD /* Base */ = {isa = PBXFileReference; lastKnownFileType = file.storyboard; name = Base; path = Base.lproj/LaunchScreen.storyboard; sourceTree = "<group>"; };
		EB1814462AD60B2700C2FADD /* Info.plist */ = {isa = PBXFileReference; lastKnownFileType = text.plist.xml; path = Info.plist; sourceTree = "<group>"; };
		EB18144B2AD60B2700C2FADD /* HackwichSixTests.xctest */ = {isa = PBXFileReference; explicitFileType = wrapper.cfbundle; includeInIndex = 0; path = HackwichSixTests.xctest; sourceTree = BUILT_PRODUCTS_DIR; };
		EB18144F2AD60B2700C2FADD /* HackwichSixTests.swift */ = {isa = PBXFileReference; lastKnownFileType = sourcecode.swift; path = HackwichSixTests.swift; sourceTree = "<group>"; };
		EB1814552AD60B2700C2FADD /* HackwichSixUITests.xctest */ = {isa = PBXFileReference; explicitFileType = wrapper.cfbundle; includeInIndex = 0; path = HackwichSixUITests.xctest; sourceTree = BUILT_PRODUCTS_DIR; };
		EB1814592AD60B2700C2FADD /* HackwichSixUITests.swift */ = {isa = PBXFileReference; lastKnownFileType = sourcecode.swift; path = HackwichSixUITests.swift; sourceTree = "<group>"; };
		EB18145B2AD60B2700C2FADD /* HackwichSixUITestsLaunchTests.swift */ = {isa = PBXFileReference; lastKnownFileType = sourcecode.swift; path = HackwichSixUITestsLaunchTests.swift; sourceTree = "<group>"; };
/* End PBXFileReference section */

/* Begin PBXFrameworksBuildPhase section */
		EB1814322AD60B2600C2FADD /* Frameworks */ = {
			isa = PBXFrameworksBuildPhase;
			buildActionMask = 2147483647;
			files = (
			);
			runOnlyForDeploymentPostprocessing = 0;
		};
		EB1814482AD60B2700C2FADD /* Frameworks */ = {
			isa = PBXFrameworksBuildPhase;
			buildActionMask = 2147483647;
			files = (
			);
			runOnlyForDeploymentPostprocessing = 0;
		};
		EB1814522AD60B2700C2FADD /* Frameworks */ = {
			isa = PBXFrameworksBuildPhase;
			buildActionMask = 2147483647;
			files = (
			);
			runOnlyForDeploymentPostprocessing = 0;
		};
/* End PBXFrameworksBuildPhase section */

/* Begin PBXGroup section */
		EB18142C2AD60B2600C2FADD = {
			isa = PBXGroup;
			children = (
				EB1814372AD60B2600C2FADD /* HackwichSix */,
				EB18144E2AD60B2700C2FADD /* HackwichSixTests */,
				EB1814582AD60B2700C2FADD /* HackwichSixUITests */,
				EB1814362AD60B2600C2FADD /* Products */,
			);
			sourceTree = "<group>";
		};
		EB1814362AD60B2600C2FADD /* Products */ = {
			isa = PBXGroup;
			children = (
				EB1814352AD60B2600C2FADD /* HackwichSix.app */,
				EB18144B2AD60B2700C2FADD /* HackwichSixTests.xctest */,
				EB1814552AD60B2700C2FADD /* HackwichSixUITests.xctest */,
			);
			name = Products;
			sourceTree = "<group>";
		};
		EB1814372AD60B2600C2FADD /* HackwichSix */ = {
			isa = PBXGroup;
			children = (
				EB1814382AD60B2600C2FADD /* AppDelegate.swift */,
				EB18143A2AD60B2600C2FADD /* SceneDelegate.swift */,
				EB18143C2AD60B2600C2FADD /* ViewController.swift */,
				EB18143E2AD60B2600C2FADD /* Main.storyboard */,
				EB1814412AD60B2700C2FADD /* Assets.xcassets */,
				EB1814432AD60B2700C2FADD /* LaunchScreen.storyboard */,
				EB1814462AD60B2700C2FADD /* Info.plist */,
			);
			path = HackwichSix;
			sourceTree = "<group>";
		};
		EB18144E2AD60B2700C2FADD /* HackwichSixTests */ = {
			isa = PBXGroup;
			children = (
				EB18144F2AD60B2700C2FADD /* HackwichSixTests.swift */,
			);
			path = HackwichSixTests;
			sourceTree = "<group>";
		};
		EB1814582AD60B2700C2FADD /* HackwichSixUITests */ = {
			isa = PBXGroup;
			children = (
				EB1814592AD60B2700C2FADD /* HackwichSixUITests.swift */,
				EB18145B2AD60B2700C2FADD /* HackwichSixUITestsLaunchTests.swift */,
			);
			path = HackwichSixUITests;
			sourceTree = "<group>";
		};
/* End PBXGroup section */

/* Begin PBXNativeTarget section */
		EB1814342AD60B2600C2FADD /* HackwichSix */ = {
			isa = PBXNativeTarget;
			buildConfigurationList = EB18145F2AD60B2700C2FADD /* Build configuration list for PBXNativeTarget "HackwichSix" */;
			buildPhases = (
				EB1814312AD60B2600C2FADD /* Sources */,
				EB1814322AD60B2600C2FADD /* Frameworks */,
				EB1814332AD60B2600C2FADD /* Resources */,
			);
			buildRules = (
			);
			dependencies = (
			);
			name = HackwichSix;
			productName = HackwichSix;
			productReference = EB1814352AD60B2600C2FADD /* HackwichSix.app */;
			productType = "com.apple.product-type.application";
		};
		EB18144A2AD60B2700C2FADD /* HackwichSixTests */ = {
			isa = PBXNativeTarget;
			buildConfigurationList = EB1814622AD60B2700C2FADD /* Build configuration list for PBXNativeTarget "HackwichSixTests" */;
			buildPhases = (
				EB1814472AD60B2700C2FADD /* Sources */,
				EB1814482AD60B2700C2FADD /* Frameworks */,
				EB1814492AD60B2700C2FADD /* Resources */,
			);
			buildRules = (
			);
			dependencies = (
				EB18144D2AD60B2700C2FADD /* PBXTargetDependency */,
			);
			name = HackwichSixTests;
			productName = HackwichSixTests;
			productReference = EB18144B2AD60B2700C2FADD /* HackwichSixTests.xctest */;
			productType = "com.apple.product-type.bundle.unit-test";
		};
		EB1814542AD60B2700C2FADD /* HackwichSixUITests */ = {
			isa = PBXNativeTarget;
			buildConfigurationList = EB1814652AD60B2700C2FADD /* Build configuration list for PBXNativeTarget "HackwichSixUITests" */;
			buildPhases = (
				EB1814512AD60B2700C2FADD /* Sources */,
				EB1814522AD60B2700C2FADD /* Frameworks */,
				EB1814532AD60B2700C2FADD /* Resources */,
			);
			buildRules = (
			);
			dependencies = (
				EB1814572AD60B2700C2FADD /* PBXTargetDependency */,
			);
			name = HackwichSixUITests;
			productName = HackwichSixUITests;
			productReference = EB1814552AD60B2700C2FADD /* HackwichSixUITests.xctest */;
			productType = "com.apple.product-type.bundle.ui-testing";
		};
/* End PBXNativeTarget section */

/* Begin PBXProject section */
		EB18142D2AD60B2600C2FADD /* Project object */ = {
			isa = PBXProject;
			attributes = {
				BuildIndependentTargetsInParallel = 1;
				LastSwiftUpdateCheck = 1430;
				LastUpgradeCheck = 1430;
				TargetAttributes = {
					EB1814342AD60B2600C2FADD = {
						CreatedOnToolsVersion = 14.3.1;
					};
					EB18144A2AD60B2700C2FADD = {
						CreatedOnToolsVersion = 14.3.1;
						TestTargetID = EB1814342AD60B2600C2FADD;
					};
					EB1814542AD60B2700C2FADD = {
						CreatedOnToolsVersion = 14.3.1;
						TestTargetID = EB1814342AD60B2600C2FADD;
					};
				};
			};
			buildConfigurationList = EB1814302AD60B2600C2FADD /* Build configuration list for PBXProject "HackwichSix" */;
			compatibilityVersion = "Xcode 14.0";
			developmentRegion = en;
			hasScannedForEncodings = 0;
			knownRegions = (
				en,
				Base,
			);
			mainGroup = EB18142C2AD60B2600C2FADD;
			productRefGroup = EB1814362AD60B2600C2FADD /* Products */;
			projectDirPath = "";
			projectRoot = "";
			targets = (
				EB1814342AD60B2600C2FADD /* HackwichSix */,
				EB18144A2AD60B2700C2FADD /* HackwichSixTests */,
				EB1814542AD60B2700C2FADD /* HackwichSixUITests */,
			);
		};
/* End PBXProject section */

/* Begin PBXResourcesBuildPhase section */
		EB1814332AD60B2600C2FADD /* Resources */ = {
			isa = PBXResourcesBuildPhase;
			buildActionMask = 2147483647;
			files = (
				EB1814452AD60B2700C2FADD /* LaunchScreen.storyboard in Resources */,
				EB1814422AD60B2700C2FADD /* Assets.xcassets in Resources */,
				EB1814402AD60B2600C2FADD /* Main.storyboard in Resources */,
			);
			runOnlyForDeploymentPostprocessing = 0;
		};
		EB1814492AD60B2700C2FADD /* Resources */ = {
			isa = PBXResourcesBuildPhase;
			buildActionMask = 2147483647;
			files = (
			);
			runOnlyForDeploymentPostprocessing = 0;
		};
		EB1814532AD60B2700C2FADD /* Resources */ = {
			isa = PBXResourcesBuildPhase;
			buildActionMask = 2147483647;
			files = (
			);
			runOnlyForDeploymentPostprocessing = 0;
		};
/* End PBXResourcesBuildPhase section */

/* Begin PBXSourcesBuildPhase section */
		EB1814312AD60B2600C2FADD /* Sources */ = {
			isa = PBXSourcesBuildPhase;
			buildActionMask = 2147483647;
			files = (
				EB18143D2AD60B2600C2FADD /* ViewController.swift in Sources */,
				EB1814392AD60B2600C2FADD /* AppDelegate.swift in Sources */,
				EB18143B2AD60B2600C2FADD /* SceneDelegate.swift in Sources */,
			);
			runOnlyForDeploymentPostprocessing = 0;
		};
		EB1814472AD60B2700C2FADD /* Sources */ = {
			isa = PBXSourcesBuildPhase;
			buildActionMask = 2147483647;
			files = (
				EB1814502AD60B2700C2FADD /* HackwichSixTests.swift in Sources */,
			);
			runOnlyForDeploymentPostprocessing = 0;
		};
		EB1814512AD60B2700C2FADD /* Sources */ = {
			isa = PBXSourcesBuildPhase;
			buildActionMask = 2147483647;
			files = (
				EB18145A2AD60B2700C2FADD /* HackwichSixUITests.swift in Sources */,
				EB18145C2AD60B2700C2FADD /* HackwichSixUITestsLaunchTests.swift in Sources */,
			);
			runOnlyForDeploymentPostprocessing = 0;
		};
/* End PBXSourcesBuildPhase section */

/* Begin PBXTargetDependency section */
		EB18144D2AD60B2700C2FADD /* PBXTargetDependency */ = {
			isa = PBXTargetDependency;
			target = EB1814342AD60B2600C2FADD /* HackwichSix */;
			targetProxy = EB18144C2AD60B2700C2FADD /* PBXContainerItemProxy */;
		};
		EB1814572AD60B2700C2FADD /* PBXTargetDependency */ = {
			isa = PBXTargetDependency;
			target = EB1814342AD60B2600C2FADD /* HackwichSix */;
			targetProxy = EB1814562AD60B2700C2FADD /* PBXContainerItemProxy */;
		};
/* End PBXTargetDependency section */

/* Begin PBXVariantGroup section */
		EB18143E2AD60B2600C2FADD /* Main.storyboard */ = {
			isa = PBXVariantGroup;
			children = (
				EB18143F2AD60B2600C2FADD /* Base */,
			);
			name = Main.storyboard;
			sourceTree = "<group>";
		};
		EB1814432AD60B2700C2FADD /* LaunchScreen.storyboard */ = {
			isa = PBXVariantGroup;
			children = (
				EB1814442AD60B2700C2FADD /* Base */,
			);
			name = LaunchScreen.storyboard;
			sourceTree = "<group>";
		};
/* End PBXVariantGroup section */

/* Begin XCBuildConfiguration section */
		EB18145D2AD60B2700C2FADD /* Debug */ = {
			isa = XCBuildConfiguration;
			buildSettings = {
				ALWAYS_SEARCH_USER_PATHS = NO;
				CLANG_ANALYZER_NONNULL = YES;
				CLANG_ANALYZER_NUMBER_OBJECT_CONVERSION = YES_AGGRESSIVE;
				CLANG_CXX_LANGUAGE_STANDARD = "gnu++20";
				CLANG_ENABLE_MODULES = YES;
				CLANG_ENABLE_OBJC_ARC = YES;
				CLANG_ENABLE_OBJC_WEAK = YES;
				CLANG_WARN_BLOCK_CAPTURE_AUTORELEASING = YES;
				CLANG_WARN_BOOL_CONVERSION = YES;
				CLANG_WARN_COMMA = YES;
				CLANG_WARN_CONSTANT_CONVERSION = YES;
				CLANG_WARN_DEPRECATED_OBJC_IMPLEMENTATIONS = YES;
				CLANG_WARN_DIRECT_OBJC_ISA_USAGE = YES_ERROR;
				CLANG_WARN_DOCUMENTATION_COMMENTS = YES;
				CLANG_WARN_EMPTY_BODY = YES;
				CLANG_WARN_ENUM_CONVERSION = YES;
				CLANG_WARN_INFINITE_RECURSION = YES;
				CLANG_WARN_INT_CONVERSION = YES;
				CLANG_WARN_NON_LITERAL_NULL_CONVERSION = YES;
				CLANG_WARN_OBJC_IMPLICIT_RETAIN_SELF = YES;
				CLANG_WARN_OBJC_LITERAL_CONVERSION = YES;
				CLANG_WARN_OBJC_ROOT_CLASS = YES_ERROR;
				CLANG_WARN_QUOTED_INCLUDE_IN_FRAMEWORK_HEADER = YES;
				CLANG_WARN_RANGE_LOOP_ANALYSIS = YES;
				CLANG_WARN_STRICT_PROTOTYPES = YES;
				CLANG_WARN_SUSPICIOUS_MOVE = YES;
				CLANG_WARN_UNGUARDED_AVAILABILITY = YES_AGGRESSIVE;
				CLANG_WARN_UNREACHABLE_CODE = YES;
				CLANG_WARN__DUPLICATE_METHOD_MATCH = YES;
				COPY_PHASE_STRIP = NO;
				DEBUG_INFORMATION_FORMAT = dwarf;
				ENABLE_STRICT_OBJC_MSGSEND = YES;
				ENABLE_TESTABILITY = YES;
				GCC_C_LANGUAGE_STANDARD = gnu11;
				GCC_DYNAMIC_NO_PIC = NO;
				GCC_NO_COMMON_BLOCKS = YES;
				GCC_OPTIMIZATION_LEVEL = 0;
				GCC_PREPROCESSOR_DEFINITIONS = (
					"DEBUG=1",
					"$(inherited)",
				);
				GCC_WARN_64_TO_32_BIT_CONVERSION = YES;
				GCC_WARN_ABOUT_RETURN_TYPE = YES_ERROR;
				GCC_WARN_UNDECLARED_SELECTOR = YES;
				GCC_WARN_UNINITIALIZED_AUTOS = YES_AGGRESSIVE;
				GCC_WARN_UNUSED_FUNCTION = YES;
				GCC_WARN_UNUSED_VARIABLE = YES;
				IPHONEOS_DEPLOYMENT_TARGET = 16.4;
				MTL_ENABLE_DEBUG_INFO = INCLUDE_SOURCE;
				MTL_FAST_MATH = YES;
				ONLY_ACTIVE_ARCH = YES;
				SDKROOT = iphoneos;
				SWIFT_ACTIVE_COMPILATION_CONDITIONS = DEBUG;
				SWIFT_OPTIMIZATION_LEVEL = "-Onone";
			};
			name = Debug;
		};
		EB18145E2AD60B2700C2FADD /* Release */ = {
			isa = XCBuildConfiguration;
			buildSettings = {
				ALWAYS_SEARCH_USER_PATHS = NO;
				CLANG_ANALYZER_NONNULL = YES;
				CLANG_ANALYZER_NUMBER_OBJECT_CONVERSION = YES_AGGRESSIVE;
				CLANG_CXX_LANGUAGE_STANDARD = "gnu++20";
				CLANG_ENABLE_MODULES = YES;
				CLANG_ENABLE_OBJC_ARC = YES;
				CLANG_ENABLE_OBJC_WEAK = YES;
				CLANG_WARN_BLOCK_CAPTURE_AUTORELEASING = YES;
				CLANG_WARN_BOOL_CONVERSION = YES;
				CLANG_WARN_COMMA = YES;
				CLANG_WARN_CONSTANT_CONVERSION = YES;
				CLANG_WARN_DEPRECATED_OBJC_IMPLEMENTATIONS = YES;
				CLANG_WARN_DIRECT_OBJC_ISA_USAGE = YES_ERROR;
				CLANG_WARN_DOCUMENTATION_COMMENTS = YES;
				CLANG_WARN_EMPTY_BODY = YES;
				CLANG_WARN_ENUM_CONVERSION = YES;
				CLANG_WARN_INFINITE_RECURSION = YES;
				CLANG_WARN_INT_CONVERSION = YES;
				CLANG_WARN_NON_LITERAL_NULL_CONVERSION = YES;
				CLANG_WARN_OBJC_IMPLICIT_RETAIN_SELF = YES;
				CLANG_WARN_OBJC_LITERAL_CONVERSION = YES;
				CLANG_WARN_OBJC_ROOT_CLASS = YES_ERROR;
				CLANG_WARN_QUOTED_INCLUDE_IN_FRAMEWORK_HEADER = YES;
				CLANG_WARN_RANGE_LOOP_ANALYSIS = YES;
				CLANG_WARN_STRICT_PROTOTYPES = YES;
				CLANG_WARN_SUSPICIOUS_MOVE = YES;
				CLANG_WARN_UNGUARDED_AVAILABILITY = YES_AGGRESSIVE;
				CLANG_WARN_UNREACHABLE_CODE = YES;
				CLANG_WARN__DUPLICATE_METHOD_MATCH = YES;
				COPY_PHASE_STRIP = NO;
				DEBUG_INFORMATION_FORMAT = "dwarf-with-dsym";
				ENABLE_NS_ASSERTIONS = NO;
				ENABLE_STRICT_OBJC_MSGSEND = YES;
				GCC_C_LANGUAGE_STANDARD = gnu11;
				GCC_NO_COMMON_BLOCKS = YES;
				GCC_WARN_64_TO_32_BIT_CONVERSION = YES;
				GCC_WARN_ABOUT_RETURN_TYPE = YES_ERROR;
				GCC_WARN_UNDECLARED_SELECTOR = YES;
				GCC_WARN_UNINITIALIZED_AUTOS = YES_AGGRESSIVE;
				GCC_WARN_UNUSED_FUNCTION = YES;
				GCC_WARN_UNUSED_VARIABLE = YES;
				IPHONEOS_DEPLOYMENT_TARGET = 16.4;
				MTL_ENABLE_DEBUG_INFO = NO;
				MTL_FAST_MATH = YES;
				SDKROOT = iphoneos;
				SWIFT_COMPILATION_MODE = wholemodule;
				SWIFT_OPTIMIZATION_LEVEL = "-O";
				VALIDATE_PRODUCT = YES;
			};
			name = Release;
		};
		EB1814602AD60B2700C2FADD /* Debug */ = {
			isa = XCBuildConfiguration;
			buildSettings = {
				ASSETCATALOG_COMPILER_APPICON_NAME = AppIcon;
				ASSETCATALOG_COMPILER_GLOBAL_ACCENT_COLOR_NAME = AccentColor;
				CODE_SIGN_STYLE = Automatic;
				CURRENT_PROJECT_VERSION = 1;
				DEVELOPMENT_TEAM = X33LGJYSV5;
				GENERATE_INFOPLIST_FILE = YES;
				INFOPLIST_FILE = HackwichSix/Info.plist;
				INFOPLIST_KEY_UIApplicationSupportsIndirectInputEvents = YES;
				INFOPLIST_KEY_UILaunchStoryboardName = LaunchScreen;
				INFOPLIST_KEY_UIMainStoryboardFile = Main;
				INFOPLIST_KEY_UISupportedInterfaceOrientations_iPad = "UIInterfaceOrientationPortrait UIInterfaceOrientationPortraitUpsideDown UIInterfaceOrientationLandscapeLeft UIInterfaceOrientationLandscapeRight";
				INFOPLIST_KEY_UISupportedInterfaceOrientations_iPhone = "UIInterfaceOrientationPortrait UIInterfaceOrientationLandscapeLeft UIInterfaceOrientationLandscapeRight";
				LD_RUNPATH_SEARCH_PATHS = (
					"$(inherited)",
					"@executable_path/Frameworks",
				);
				MARKETING_VERSION = 1.0;
				PRODUCT_BUNDLE_IDENTIFIER = UHWO.HackwichSix;
				PRODUCT_NAME = "$(TARGET_NAME)";
				SWIFT_EMIT_LOC_STRINGS = YES;
				SWIFT_VERSION = 5.0;
				TARGETED_DEVICE_FAMILY = "1,2";
			};
			name = Debug;
		};
		EB1814612AD60B2700C2FADD /* Release */ = {
			isa = XCBuildConfiguration;
			buildSettings = {
				ASSETCATALOG_COMPILER_APPICON_NAME = AppIcon;
				ASSETCATALOG_COMPILER_GLOBAL_ACCENT_COLOR_NAME = AccentColor;
				CODE_SIGN_STYLE = Automatic;
				CURRENT_PROJECT_VERSION = 1;
				DEVELOPMENT_TEAM = X33LGJYSV5;
				GENERATE_INFOPLIST_FILE = YES;
				INFOPLIST_FILE = HackwichSix/Info.plist;
				INFOPLIST_KEY_UIApplicationSupportsIndirectInputEvents = YES;
				INFOPLIST_KEY_UILaunchStoryboardName = LaunchScreen;
				INFOPLIST_KEY_UIMainStoryboardFile = Main;
				INFOPLIST_KEY_UISupportedInterfaceOrientations_iPad = "UIInterfaceOrientationPortrait UIInterfaceOrientationPortraitUpsideDown UIInterfaceOrientationLandscapeLeft UIInterfaceOrientationLandscapeRight";
				INFOPLIST_KEY_UISupportedInterfaceOrientations_iPhone = "UIInterfaceOrientationPortrait UIInterfaceOrientationLandscapeLeft UIInterfaceOrientationLandscapeRight";
				LD_RUNPATH_SEARCH_PATHS = (
					"$(inherited)",
					"@executable_path/Frameworks",
				);
				MARKETING_VERSION = 1.0;
				PRODUCT_BUNDLE_IDENTIFIER = UHWO.HackwichSix;
				PRODUCT_NAME = "$(TARGET_NAME)";
				SWIFT_EMIT_LOC_STRINGS = YES;
				SWIFT_VERSION = 5.0;
				TARGETED_DEVICE_FAMILY = "1,2";
			};
			name = Release;
		};
		EB1814632AD60B2700C2FADD /* Debug */ = {
			isa = XCBuildConfiguration;
			buildSettings = {
				ALWAYS_EMBED_SWIFT_STANDARD_LIBRARIES = YES;
				BUNDLE_LOADER = "$(TEST_HOST)";
				CODE_SIGN_STYLE = Automatic;
				CURRENT_PROJECT_VERSION = 1;
				DEVELOPMENT_TEAM = X33LGJYSV5;
				GENERATE_INFOPLIST_FILE = YES;
				IPHONEOS_DEPLOYMENT_TARGET = 16.4;
				MARKETING_VERSION = 1.0;
				PRODUCT_BUNDLE_IDENTIFIER = UHWO.HackwichSixTests;
				PRODUCT_NAME = "$(TARGET_NAME)";
				SWIFT_EMIT_LOC_STRINGS = NO;
				SWIFT_VERSION = 5.0;
				TARGETED_DEVICE_FAMILY = "1,2";
				TEST_HOST = "$(BUILT_PRODUCTS_DIR)/HackwichSix.app/$(BUNDLE_EXECUTABLE_FOLDER_PATH)/HackwichSix";
			};
			name = Debug;
		};
		EB1814642AD60B2700C2FADD /* Release */ = {
			isa = XCBuildConfiguration;
			buildSettings = {
				ALWAYS_EMBED_SWIFT_STANDARD_LIBRARIES = YES;
				BUNDLE_LOADER = "$(TEST_HOST)";
				CODE_SIGN_STYLE = Automatic;
				CURRENT_PROJECT_VERSION = 1;
				DEVELOPMENT_TEAM = X33LGJYSV5;
				GENERATE_INFOPLIST_FILE = YES;
				IPHONEOS_DEPLOYMENT_TARGET = 16.4;
				MARKETING_VERSION = 1.0;
				PRODUCT_BUNDLE_IDENTIFIER = UHWO.HackwichSixTests;
				PRODUCT_NAME = "$(TARGET_NAME)";
				SWIFT_EMIT_LOC_STRINGS = NO;
				SWIFT_VERSION = 5.0;
				TARGETED_DEVICE_FAMILY = "1,2";
				TEST_HOST = "$(BUILT_PRODUCTS_DIR)/HackwichSix.app/$(BUNDLE_EXECUTABLE_FOLDER_PATH)/HackwichSix";
			};
			name = Release;
		};
		EB1814662AD60B2700C2FADD /* Debug */ = {
			isa = XCBuildConfiguration;
			buildSettings = {
				ALWAYS_EMBED_SWIFT_STANDARD_LIBRARIES = YES;
				CODE_SIGN_STYLE = Automatic;
				CURRENT_PROJECT_VERSION = 1;
				DEVELOPMENT_TEAM = X33LGJYSV5;
				GENERATE_INFOPLIST_FILE = YES;
				MARKETING_VERSION = 1.0;
				PRODUCT_BUNDLE_IDENTIFIER = UHWO.HackwichSixUITests;
				PRODUCT_NAME = "$(TARGET_NAME)";
				SWIFT_EMIT_LOC_STRINGS = NO;
				SWIFT_VERSION = 5.0;
				TARGETED_DEVICE_FAMILY = "1,2";
				TEST_TARGET_NAME = HackwichSix;
			};
			name = Debug;
		};
		EB1814672AD60B2700C2FADD /* Release */ = {
			isa = XCBuildConfiguration;
			buildSettings = {
				ALWAYS_EMBED_SWIFT_STANDARD_LIBRARIES = YES;
				CODE_SIGN_STYLE = Automatic;
				CURRENT_PROJECT_VERSION = 1;
				DEVELOPMENT_TEAM = X33LGJYSV5;
				GENERATE_INFOPLIST_FILE = YES;
				MARKETING_VERSION = 1.0;
				PRODUCT_BUNDLE_IDENTIFIER = UHWO.HackwichSixUITests;
				PRODUCT_NAME = "$(TARGET_NAME)";
				SWIFT_EMIT_LOC_STRINGS = NO;
				SWIFT_VERSION = 5.0;
				TARGETED_DEVICE_FAMILY = "1,2";
				TEST_TARGET_NAME = HackwichSix;
			};
			name = Release;
		};
/* End XCBuildConfiguration section */

/* Begin XCConfigurationList section */
		EB1814302AD60B2600C2FADD /* Build configuration list for PBXProject "HackwichSix" */ = {
			isa = XCConfigurationList;
			buildConfigurations = (
				EB18145D2AD60B2700C2FADD /* Debug */,
				EB18145E2AD60B2700C2FADD /* Release */,
			);
			defaultConfigurationIsVisible = 0;
			defaultConfigurationName = Release;
		};
		EB18145F2AD60B2700C2FADD /* Build configuration list for PBXNativeTarget "HackwichSix" */ = {
			isa = XCConfigurationList;
			buildConfigurations = (
				EB1814602AD60B2700C2FADD /* Debug */,
				EB1814612AD60B2700C2FADD /* Release */,
			);
			defaultConfigurationIsVisible = 0;
			defaultConfigurationName = Release;
		};
		EB1814622AD60B2700C2FADD /* Build configuration list for PBXNativeTarget "HackwichSixTests" */ = {
			isa = XCConfigurationList;
			buildConfigurations = (
				EB1814632AD60B2700C2FADD /* Debug */,
				EB1814642AD60B2700C2FADD /* Release */,
			);
			defaultConfigurationIsVisible = 0;
			defaultConfigurationName = Release;
		};
		EB1814652AD60B2700C2FADD /* Build configuration list for PBXNativeTarget "HackwichSixUITests" */ = {
			isa = XCConfigurationList;
			buildConfigurations = (
				EB1814662AD60B2700C2FADD /* Debug */,
				EB1814672AD60B2700C2FADD /* Release */,
			);
			defaultConfigurationIsVisible = 0;
			defaultConfigurationName = Release;
		};
/* End XCConfigurationList section */
	};
	rootObject = EB18142D2AD60B2600C2FADD /* Project object */;
}
